
Microsoft Visual Studio Solution File, Format Version 12.00
# Visual Studio Version 16
VisualStudioVersion = 16.6.30114.105
MinimumVisualStudioVersion = 10.0.40219.1
Project("{FAE04EC0-301F-11D3-BF4B-00C04F79EFBC}") = "AspNet.Api.Websocket.WebApp", "AspNet.Api.Websocket.WebApp\AspNet.Api.Websocket.WebApp.csproj", "{4DC5AC63-994D-4950-805D-EB615B22CDAA}"
EndProject
Project("{FAE04EC0-301F-11D3-BF4B-00C04F79EFBC}") = "AspNet.Api.Websocket.Data", "AspNet.Api.Websocket.Data\AspNet.Api.Websocket.Data.csproj", "{B0380BB5-4821-4E35-A356-2B012CC10512}"
EndProject
Project("{FAE04EC0-301F-11D3-BF4B-00C04F79EFBC}") = "AspNet.Api.Websocket.Domain", "AspNet.Api.Websocket.Domain\AspNet.Api.Websocket.Domain.csproj", "{54FA4F8D-6373-4F94-B798-D87D673C6B70}"
EndProject
Global
	GlobalSection(SolutionConfigurationPlatforms) = preSolution
		Debug|Any CPU = Debug|Any CPU
		Debug|x64 = Debug|x64
		Debug|x86 = Debug|x86
		Release|Any CPU = Release|Any CPU
		Release|x64 = Release|x64
		Release|x86 = Release|x86
	EndGlobalSection
	GlobalSection(SolutionProperties) = preSolution
		HideSolutionNode = FALSE
	EndGlobalSection
	GlobalSection(ProjectConfigurationPlatforms) = postSolution
		{4DC5AC63-994D-4950-805D-EB615B22CDAA}.Debug|Any CPU.ActiveCfg = Debug|Any CPU
		{4DC5AC63-994D-4950-805D-EB615B22CDAA}.Debug|Any CPU.Build.0 = Debug|Any CPU
		{4DC5AC63-994D-4950-805D-EB615B22CDAA}.Debug|x64.ActiveCfg = Debug|Any CPU
		{4DC5AC63-994D-4950-805D-EB615B22CDAA}.Debug|x64.Build.0 = Debug|Any CPU
		{4DC5AC63-994D-4950-805D-EB615B22CDAA}.Debug|x86.ActiveCfg = Debug|Any CPU
		{4DC5AC63-994D-4950-805D-EB615B22CDAA}.Debug|x86.Build.0 = Debug|Any CPU
		{4DC5AC63-994D-4950-805D-EB615B22CDAA}.Release|Any CPU.ActiveCfg = Release|Any CPU
		{4DC5AC63-994D-4950-805D-EB615B22CDAA}.Release|Any CPU.Build.0 = Release|Any CPU
		{4DC5AC63-994D-4950-805D-EB615B22CDAA}.Release|x64.ActiveCfg = Release|Any CPU
		{4DC5AC63-994D-4950-805D-EB615B22CDAA}.Release|x64.Build.0 = Release|Any CPU
		{4DC5AC63-994D-4950-805D-EB615B22CDAA}.Release|x86.ActiveCfg = Release|Any CPU
		{4DC5AC63-994D-4950-805D-EB615B22CDAA}.Release|x86.Build.0 = Release|Any CPU
		{B0380BB5-4821-4E35-A356-2B012CC10512}.Debug|Any CPU.ActiveCfg = Debug|Any CPU
		{B0380BB5-4821-4E35-A356-2B012CC10512}.Debug|Any CPU.Build.0 = Debug|Any CPU
		{B0380BB5-4821-4E35-A356-2B012CC10512}.Debug|x64.ActiveCfg = Debug|Any CPU
		{B0380BB5-4821-4E35-A356-2B012CC10512}.Debug|x64.Build.0 = Debug|Any CPU
		{B0380BB5-4821-4E35-A356-2B012CC10512}.Debug|x86.ActiveCfg = Debug|Any CPU
		{B0380BB5-4821-4E35-A356-2B012CC10512}.Debug|x86.Build.0 = Debug|Any CPU
		{B0380BB5-4821-4E35-A356-2B012CC10512}.Release|Any CPU.ActiveCfg = Release|Any CPU
		{B0380BB5-4821-4E35-A356-2B012CC10512}.Release|Any CPU.Build.0 = Release|Any CPU
		{B0380BB5-4821-4E35-A356-2B012CC10512}.Release|x64.ActiveCfg = Release|Any CPU
		{B0380BB5-4821-4E35-A356-2B012CC10512}.Release|x64.Build.0 = Release|Any CPU
		{B0380BB5-4821-4E35-A356-2B012CC10512}.Release|x86.ActiveCfg = Release|Any CPU
		{B0380BB5-4821-4E35-A356-2B012CC10512}.Release|x86.Build.0 = Release|Any CPU
		{54FA4F8D-6373-4F94-B798-D87D673C6B70}.Debug|Any CPU.ActiveCfg = Debug|Any CPU
		{54FA4F8D-6373-4F94-B798-D87D673C6B70}.Debug|Any CPU.Build.0 = Debug|Any CPU
		{54FA4F8D-6373-4F94-B798-D87D673C6B70}.Debug|x64.ActiveCfg = Debug|Any CPU
		{54FA4F8D-6373-4F94-B798-D87D673C6B70}.Debug|x64.Build.0 = Debug|Any CPU
		{54FA4F8D-6373-4F94-B798-D87D673C6B70}.Debug|x86.ActiveCfg = Debug|Any CPU
		{54FA4F8D-6373-4F94-B798-D87D673C6B70}.Debug|x86.Build.0 = Debug|Any CPU
		{54FA4F8D-6373-4F94-B798-D87D673C6B70}.Release|Any CPU.ActiveCfg = Release|Any CPU
		{54FA4F8D-6373-4F94-B798-D87D673C6B70}.Release|Any CPU.Build.0 = Release|Any CPU
		{54FA4F8D-6373-4F94-B798-D87D673C6B70}.Release|x64.ActiveCfg = Release|Any CPU
		{54FA4F8D-6373-4F94-B798-D87D673C6B70}.Release|x64.Build.0 = Release|Any CPU
		{54FA4F8D-6373-4F94-B798-D87D673C6B70}.Release|x86.ActiveCfg = Release|Any CPU
		{54FA4F8D-6373-4F94-B798-D87D673C6B70}.Release|x86.Build.0 = Release|Any CPU
	EndGlobalSection
EndGlobal
